
Microsoft Visual Studio Solution File, Format Version 12.00
# Visual Studio 15
VisualStudioVersion = 15.0.27703.2000
MinimumVisualStudioVersion = 10.0.40219.1
Project("{FAE04EC0-301F-11D3-BF4B-00C04F79EFBC}") = "02-Create Command", "02-Create Command\02-Create Command.csproj", "{37497B62-768D-4581-BB28-98FC04F936AB}"
EndProject
Global
	GlobalSection(SolutionConfigurationPlatforms) = preSolution
		Debug|Any CPU = Debug|Any CPU
		Release|Any CPU = Release|Any CPU
	EndGlobalSection
	GlobalSection(ProjectConfigurationPlatforms) = postSolution
		{37497B62-768D-4581-BB28-98FC04F936AB}.Debug|Any CPU.ActiveCfg = Debug|Any CPU
		{37497B62-768D-4581-BB28-98FC04F936AB}.Debug|Any CPU.Build.0 = Debug|Any CPU
		{37497B62-768D-4581-BB28-98FC04F936AB}.Release|Any CPU.ActiveCfg = Release|Any CPU
		{37497B62-768D-4581-BB28-98FC04F936AB}.Release|Any CPU.Build.0 = Release|Any CPU
	EndGlobalSection
	GlobalSection(SolutionProperties) = preSolution
		HideSolutionNode = FALSE
	EndGlobalSection
	GlobalSection(ExtensibilityGlobals) = postSolution
		SolutionGuid = {55EF6FB8-4B91-4FB9-AEE3-C7E7289D9255}
	EndGlobalSection
EndGlobal
